
Microsoft Visual Studio Solution File, Format Version 12.00
Project("{FAE04EC0-301F-11D3-BF4B-00C04F79EFBC}") = "Converter", "Converter\Converter.csproj", "{864D5B4C-38D8-441B-B589-491D2749FDDF}"
EndProject
Global
	GlobalSection(SolutionConfigurationPlatforms) = preSolution
		Debug|Any CPU = Debug|Any CPU
		Release|Any CPU = Release|Any CPU
	EndGlobalSection
	GlobalSection(ProjectConfigurationPlatforms) = postSolution
		{864D5B4C-38D8-441B-B589-491D2749FDDF}.Debug|Any CPU.ActiveCfg = Debug|Any CPU
		{864D5B4C-38D8-441B-B589-491D2749FDDF}.Debug|Any CPU.Build.0 = Debug|Any CPU
		{864D5B4C-38D8-441B-B589-491D2749FDDF}.Release|Any CPU.ActiveCfg = Release|Any CPU
		{864D5B4C-38D8-441B-B589-491D2749FDDF}.Release|Any CPU.Build.0 = Release|Any CPU
	EndGlobalSection
EndGlobal
